
Microsoft Visual Studio Solution File, Format Version 12.00
# Visual Studio 2013
VisualStudioVersion = 12.0.40629.0
MinimumVisualStudioVersion = 10.0.40219.1
Project("{FAE04EC0-301F-11D3-BF4B-00C04F79EFBC}") = "iDea.Auth", "iDea.Auth\iDea.Auth.csproj", "{8E8D792A-6A01-49F5-9C87-0754BA310683}"
EndProject
Project("{FAE04EC0-301F-11D3-BF4B-00C04F79EFBC}") = "iDea.Auth.Tests", "iDea.Auth.Tests\iDea.Auth.Tests.csproj", "{ADD5BD97-0C88-48C1-9E38-777AE17F4787}"
EndProject
Project("{FAE04EC0-301F-11D3-BF4B-00C04F79EFBC}") = "iDea.DAL", "iDea.DAL\iDea.DAL.csproj", "{AA7075F2-815D-4BBC-B18D-2D69A0166435}"
EndProject
Project("{FAE04EC0-301F-11D3-BF4B-00C04F79EFBC}") = "iDea.DAL.Tests", "iDea.DAL.Tests\iDea.DAL.Tests.csproj", "{AEF2227E-5427-48D5-A928-BBC9FA86A836}"
EndProject
Project("{FAE04EC0-301F-11D3-BF4B-00C04F79EFBC}") = "iDea.Domains", "iDea.Domains\iDea.Domains.csproj", "{D818A87F-9516-45CB-8526-C608BEA95B3D}"
EndProject
Project("{FAE04EC0-301F-11D3-BF4B-00C04F79EFBC}") = "iDea.Client", "iDea.Client\iDea.Client.csproj", "{9406D714-6850-4582-829F-5264B882B821}"
EndProject
Global
	GlobalSection(SolutionConfigurationPlatforms) = preSolution
		Debug|Any CPU = Debug|Any CPU
		Release|Any CPU = Release|Any CPU
	EndGlobalSection
	GlobalSection(ProjectConfigurationPlatforms) = postSolution
		{8E8D792A-6A01-49F5-9C87-0754BA310683}.Debug|Any CPU.ActiveCfg = Debug|Any CPU
		{8E8D792A-6A01-49F5-9C87-0754BA310683}.Debug|Any CPU.Build.0 = Debug|Any CPU
		{8E8D792A-6A01-49F5-9C87-0754BA310683}.Release|Any CPU.ActiveCfg = Release|Any CPU
		{8E8D792A-6A01-49F5-9C87-0754BA310683}.Release|Any CPU.Build.0 = Release|Any CPU
		{ADD5BD97-0C88-48C1-9E38-777AE17F4787}.Debug|Any CPU.ActiveCfg = Debug|Any CPU
		{ADD5BD97-0C88-48C1-9E38-777AE17F4787}.Debug|Any CPU.Build.0 = Debug|Any CPU
		{ADD5BD97-0C88-48C1-9E38-777AE17F4787}.Release|Any CPU.ActiveCfg = Release|Any CPU
		{ADD5BD97-0C88-48C1-9E38-777AE17F4787}.Release|Any CPU.Build.0 = Release|Any CPU
		{AA7075F2-815D-4BBC-B18D-2D69A0166435}.Debug|Any CPU.ActiveCfg = Debug|Any CPU
		{AA7075F2-815D-4BBC-B18D-2D69A0166435}.Debug|Any CPU.Build.0 = Debug|Any CPU
		{AA7075F2-815D-4BBC-B18D-2D69A0166435}.Release|Any CPU.ActiveCfg = Release|Any CPU
		{AA7075F2-815D-4BBC-B18D-2D69A0166435}.Release|Any CPU.Build.0 = Release|Any CPU
		{AEF2227E-5427-48D5-A928-BBC9FA86A836}.Debug|Any CPU.ActiveCfg = Debug|Any CPU
		{AEF2227E-5427-48D5-A928-BBC9FA86A836}.Debug|Any CPU.Build.0 = Debug|Any CPU
		{AEF2227E-5427-48D5-A928-BBC9FA86A836}.Release|Any CPU.ActiveCfg = Release|Any CPU
		{AEF2227E-5427-48D5-A928-BBC9FA86A836}.Release|Any CPU.Build.0 = Release|Any CPU
		{D818A87F-9516-45CB-8526-C608BEA95B3D}.Debug|Any CPU.ActiveCfg = Debug|Any CPU
		{D818A87F-9516-45CB-8526-C608BEA95B3D}.Debug|Any CPU.Build.0 = Debug|Any CPU
		{D818A87F-9516-45CB-8526-C608BEA95B3D}.Release|Any CPU.ActiveCfg = Release|Any CPU
		{D818A87F-9516-45CB-8526-C608BEA95B3D}.Release|Any CPU.Build.0 = Release|Any CPU
		{9406D714-6850-4582-829F-5264B882B821}.Debug|Any CPU.ActiveCfg = Debug|Any CPU
		{9406D714-6850-4582-829F-5264B882B821}.Debug|Any CPU.Build.0 = Debug|Any CPU
		{9406D714-6850-4582-829F-5264B882B821}.Release|Any CPU.ActiveCfg = Release|Any CPU
		{9406D714-6850-4582-829F-5264B882B821}.Release|Any CPU.Build.0 = Release|Any CPU
	EndGlobalSection
	GlobalSection(SolutionProperties) = preSolution
		HideSolutionNode = FALSE
	EndGlobalSection
EndGlobal
